
Microsoft Visual Studio Solution File, Format Version 12.00
# Visual Studio Version 17
VisualStudioVersion = 17.8.34330.188
MinimumVisualStudioVersion = 10.0.40219.1
Project("{9A19103F-16F7-4668-BE54-9A1E7A4F7556}") = "BeatCounter", "BeatCounter.csproj", "{90ACAE2E-23F6-4604-BFB4-D55EE206349C}"
EndProject
Project("{FAE04EC0-301F-11D3-BF4B-00C04F79EFBC}") = "BeatCounterTests", "..\BeatCounterTests\BeatCounterTests.csproj", "{C1425765-846A-4326-AF99-E19C89557DF5}"
EndProject
Global
	GlobalSection(SolutionConfigurationPlatforms) = preSolution
		Debug|Any CPU = Debug|Any CPU
		Release|Any CPU = Release|Any CPU
	EndGlobalSection
	GlobalSection(ProjectConfigurationPlatforms) = postSolution
		{90ACAE2E-23F6-4604-BFB4-D55EE206349C}.Debug|Any CPU.ActiveCfg = Debug|Any CPU
		{90ACAE2E-23F6-4604-BFB4-D55EE206349C}.Debug|Any CPU.Build.0 = Debug|Any CPU
		{90ACAE2E-23F6-4604-BFB4-D55EE206349C}.Debug|Any CPU.Deploy.0 = Debug|Any CPU
		{90ACAE2E-23F6-4604-BFB4-D55EE206349C}.Release|Any CPU.ActiveCfg = Release|Any CPU
		{90ACAE2E-23F6-4604-BFB4-D55EE206349C}.Release|Any CPU.Build.0 = Release|Any CPU
		{90ACAE2E-23F6-4604-BFB4-D55EE206349C}.Release|Any CPU.Deploy.0 = Release|Any CPU
		{C1425765-846A-4326-AF99-E19C89557DF5}.Debug|Any CPU.ActiveCfg = Debug|Any CPU
		{C1425765-846A-4326-AF99-E19C89557DF5}.Debug|Any CPU.Build.0 = Debug|Any CPU
		{C1425765-846A-4326-AF99-E19C89557DF5}.Release|Any CPU.ActiveCfg = Release|Any CPU
		{C1425765-846A-4326-AF99-E19C89557DF5}.Release|Any CPU.Build.0 = Release|Any CPU
	EndGlobalSection
	GlobalSection(SolutionProperties) = preSolution
		HideSolutionNode = FALSE
	EndGlobalSection
	GlobalSection(ExtensibilityGlobals) = postSolution
		SolutionGuid = {F56C76F8-51B0-4F9A-9080-A2A8F1B2749F}
	EndGlobalSection
EndGlobal
